
Microsoft Visual Studio Solution File, Format Version 12.00
# Visual Studio Version 17
VisualStudioVersion = 17.4.33110.190
MinimumVisualStudioVersion = 10.0.40219.1
Project("{2150E333-8FDC-42A3-9474-1A3956D46DE8}") = "Core", "Core", "{79831FE4-280B-4DF3-98E3-FBED74BE9C0F}"
EndProject
Project("{2150E333-8FDC-42A3-9474-1A3956D46DE8}") = "Infra", "Infra", "{5827ACF8-F934-48C2-AB4B-8F3F1629E5D4}"
EndProject
Project("{2150E333-8FDC-42A3-9474-1A3956D46DE8}") = "API", "API", "{4A534E7F-C2CC-47A7-9EC8-E25D67305506}"
EndProject
Project("{2150E333-8FDC-42A3-9474-1A3956D46DE8}") = "Tests", "Tests", "{58D9E45E-194E-400F-9F2B-E864F153804D}"
EndProject
Project("{9A19103F-16F7-4668-BE54-9A1E7A4F7556}") = "Template.WebApi", "Src\API\Template.WebApi.csproj", "{A06D0249-6DDD-4A26-B300-C0C696887947}"
EndProject
Project("{9A19103F-16F7-4668-BE54-9A1E7A4F7556}") = "Template.Application", "Src\Core\Application\Template.Application.csproj", "{95D94406-1C6D-4AFB-9082-C4DD4F0F5EE7}"
EndProject
Project("{9A19103F-16F7-4668-BE54-9A1E7A4F7556}") = "Template.Domain", "Src\Core\Domain\Template.Domain.csproj", "{65000A91-DDE2-4AEA-ADE6-73B4428931C2}"
EndProject
Project("{9A19103F-16F7-4668-BE54-9A1E7A4F7556}") = "Template.Infrastructure", "Src\Infra\Template.Infrastructure.csproj", "{E839B131-E7DB-4819-84EE-F6FBA12DC888}"
EndProject
Project("{9A19103F-16F7-4668-BE54-9A1E7A4F7556}") = "Template.UnitTests", "Tests\Template.UnitTests.csproj", "{08F7D563-CF94-486C-968B-216BE6940315}"
EndProject
Project("{2150E333-8FDC-42A3-9474-1A3956D46DE8}") = "Src", "Src", "{4BEC5246-B96A-4D33-8A15-F1E960386F39}"
EndProject
Global
	GlobalSection(SolutionConfigurationPlatforms) = preSolution
		Debug|Any CPU = Debug|Any CPU
		Release|Any CPU = Release|Any CPU
	EndGlobalSection
	GlobalSection(ProjectConfigurationPlatforms) = postSolution
		{A06D0249-6DDD-4A26-B300-C0C696887947}.Debug|Any CPU.ActiveCfg = Debug|Any CPU
		{A06D0249-6DDD-4A26-B300-C0C696887947}.Debug|Any CPU.Build.0 = Debug|Any CPU
		{A06D0249-6DDD-4A26-B300-C0C696887947}.Release|Any CPU.ActiveCfg = Release|Any CPU
		{A06D0249-6DDD-4A26-B300-C0C696887947}.Release|Any CPU.Build.0 = Release|Any CPU
		{95D94406-1C6D-4AFB-9082-C4DD4F0F5EE7}.Debug|Any CPU.ActiveCfg = Debug|Any CPU
		{95D94406-1C6D-4AFB-9082-C4DD4F0F5EE7}.Debug|Any CPU.Build.0 = Debug|Any CPU
		{95D94406-1C6D-4AFB-9082-C4DD4F0F5EE7}.Release|Any CPU.ActiveCfg = Release|Any CPU
		{95D94406-1C6D-4AFB-9082-C4DD4F0F5EE7}.Release|Any CPU.Build.0 = Release|Any CPU
		{65000A91-DDE2-4AEA-ADE6-73B4428931C2}.Debug|Any CPU.ActiveCfg = Debug|Any CPU
		{65000A91-DDE2-4AEA-ADE6-73B4428931C2}.Debug|Any CPU.Build.0 = Debug|Any CPU
		{65000A91-DDE2-4AEA-ADE6-73B4428931C2}.Release|Any CPU.ActiveCfg = Release|Any CPU
		{65000A91-DDE2-4AEA-ADE6-73B4428931C2}.Release|Any CPU.Build.0 = Release|Any CPU
		{E839B131-E7DB-4819-84EE-F6FBA12DC888}.Debug|Any CPU.ActiveCfg = Debug|Any CPU
		{E839B131-E7DB-4819-84EE-F6FBA12DC888}.Debug|Any CPU.Build.0 = Debug|Any CPU
		{E839B131-E7DB-4819-84EE-F6FBA12DC888}.Release|Any CPU.ActiveCfg = Release|Any CPU
		{E839B131-E7DB-4819-84EE-F6FBA12DC888}.Release|Any CPU.Build.0 = Release|Any CPU
		{08F7D563-CF94-486C-968B-216BE6940315}.Debug|Any CPU.ActiveCfg = Debug|Any CPU
		{08F7D563-CF94-486C-968B-216BE6940315}.Debug|Any CPU.Build.0 = Debug|Any CPU
		{08F7D563-CF94-486C-968B-216BE6940315}.Release|Any CPU.ActiveCfg = Release|Any CPU
		{08F7D563-CF94-486C-968B-216BE6940315}.Release|Any CPU.Build.0 = Release|Any CPU
	EndGlobalSection
	GlobalSection(SolutionProperties) = preSolution
		HideSolutionNode = FALSE
	EndGlobalSection
	GlobalSection(NestedProjects) = preSolution
		{79831FE4-280B-4DF3-98E3-FBED74BE9C0F} = {4BEC5246-B96A-4D33-8A15-F1E960386F39}
		{5827ACF8-F934-48C2-AB4B-8F3F1629E5D4} = {4BEC5246-B96A-4D33-8A15-F1E960386F39}
		{4A534E7F-C2CC-47A7-9EC8-E25D67305506} = {4BEC5246-B96A-4D33-8A15-F1E960386F39}
		{A06D0249-6DDD-4A26-B300-C0C696887947} = {4A534E7F-C2CC-47A7-9EC8-E25D67305506}
		{95D94406-1C6D-4AFB-9082-C4DD4F0F5EE7} = {79831FE4-280B-4DF3-98E3-FBED74BE9C0F}
		{65000A91-DDE2-4AEA-ADE6-73B4428931C2} = {79831FE4-280B-4DF3-98E3-FBED74BE9C0F}
		{E839B131-E7DB-4819-84EE-F6FBA12DC888} = {5827ACF8-F934-48C2-AB4B-8F3F1629E5D4}
		{08F7D563-CF94-486C-968B-216BE6940315} = {58D9E45E-194E-400F-9F2B-E864F153804D}
	EndGlobalSection
	GlobalSection(ExtensibilityGlobals) = postSolution
		SolutionGuid = {1EB5D883-D6F6-4C10-A5E1-8EAD9ACA2F76}
	EndGlobalSection
EndGlobal
